{
  "name": "testapp",
  "version": "1.0.0",
  "lockfileVersion": 2,
  "requires": true,
  "packages": {
    "": {
      "name": "testapp",
      "version": "1.0.0",
      "license": "ISC",
      "dependencies": {
        "@glue42/desktop": "^5.14.5",
        "@glue42/theme": "^4.0.5",
        "http-server": "^14.1.1"
      }
    },
    "node_modules/@glue42/core": {
      "version": "5.7.6",
      "resolved": "https://repo.tick42.com:443/api/npm/tick42-npm/@glue42/core/-/core-5.7.6.tgz",
      "integrity": "sha1-SDb2BI0n1F6FLT1APxKKwnp6a3s=",
      "license": "MIT",
      "dependencies": {
        "callback-registry": "^2.7.1",
        "shortid": "^2.2.6",
        "ws": "7.4.6"
      }
    },
    "node_modules/@glue42/desktop": {
      "version": "5.14.5",
      "resolved": "https://repo.tick42.com:443/api/npm/tick42-npm/@glue42/desktop/-/desktop-5.14.5.tgz",
      "integrity": "sha1-JLzUL1YnYCLZc6i4AlXIMXlmkhw=",
      "license": "MIT",
      "dependencies": {
        "@glue42/core": "^5.7.4",
        "@glue42/workspaces-api": "*",
        "callback-registry": "^2.7.1",
        "shortid": "2.2.8"
      }
    },
    "node_modules/@glue42/theme": {
      "version": "4.0.5",
      "resolved": "https://repo.tick42.com:443/api/npm/tick42-npm/@glue42/theme/-/theme-4.0.5.tgz",
      "integrity": "sha1-EEuSrjB/3jagDmLeb4P3cQloUMA=",
      "license": "MIT",
      "dependencies": {
        "ajv": "^7.0.3",
        "bootstrap": "^5.1.3"
      }
    },
    "node_modules/@glue42/workspaces-api": {
      "version": "1.16.0",
      "resolved": "https://repo.tick42.com:443/api/npm/tick42-npm/@glue42/workspaces-api/-/workspaces-api-1.16.0.tgz",
      "integrity": "sha1-Fb1wEVi6DcR9OBsU8WzniLW4tFg=",
      "license": "MIT",
      "dependencies": {
        "@glue42/core": "^5.7.6",
        "callback-registry": "^2.5.2",
        "decoder-validate": "0.0.2",
        "nanoid": "^3.3.4"
      }
    },
    "node_modules/@popperjs/core": {
      "version": "2.11.5",
      "resolved": "https://repo.tick42.com:443/api/npm/tick42-npm/@popperjs/core/-/core-2.11.5.tgz",
      "integrity": "sha1-21oRv2a9qzlWlxlVWw924TjXvWQ=",
      "license": "MIT",
      "peer": true,
      "funding": {
        "type": "opencollective",
        "url": "https://opencollective.com/popperjs"
      }
    },
    "node_modules/ajv": {
      "version": "7.2.4",
      "resolved": "https://repo.tick42.com:443/api/npm/tick42-npm/ajv/-/ajv-7.2.4.tgz",
      "integrity": "sha1-jiOdTVbPiEvMyozKNi9QhEbcFg8=",
      "license": "MIT",
      "dependencies": {
        "fast-deep-equal": "^3.1.1",
        "json-schema-traverse": "^1.0.0",
        "require-from-string": "^2.0.2",
        "uri-js": "^4.2.2"
      },
      "funding": {
        "type": "github",
        "url": "https://github.com/sponsors/epoberezkin"
      }
    },
    "node_modules/ansi-styles": {
      "version": "4.3.0",
      "resolved": "https://repo.tick42.com:443/api/npm/tick42-npm/ansi-styles/-/ansi-styles-4.3.0.tgz",
      "integrity": "sha1-7dgDYornHATIWuegkG7a00tkiTc=",
      "license": "MIT",
      "dependencies": {
        "color-convert": "^2.0.1"
      },
      "engines": {
        "node": ">=8"
      },
      "funding": {
        "url": "https://github.com/chalk/ansi-styles?sponsor=1"
      }
    },
    "node_modules/async": {
      "version": "2.6.4",
      "resolved": "https://repo.tick42.com:443/api/npm/tick42-npm/async/-/async-2.6.4.tgz",
      "integrity": "sha1-cGt/9ghGZM1+rnE/b5ZUM7VQQiE=",
      "license": "MIT",
      "dependencies": {
        "lodash": "^4.17.14"
      }
    },
    "node_modules/basic-auth": {
      "version": "2.0.1",
      "resolved": "https://repo.tick42.com:443/api/npm/tick42-npm/basic-auth/-/basic-auth-2.0.1.tgz",
      "integrity": "sha1-uZgnm/R844NEtPPPkW1Gebv1Hjo=",
      "license": "MIT",
      "dependencies": {
        "safe-buffer": "5.1.2"
      },
      "engines": {
        "node": ">= 0.8"
      }
    },
    "node_modules/bootstrap": {
      "version": "5.2.0",
      "resolved": "https://repo.tick42.com:443/api/npm/tick42-npm/bootstrap/-/bootstrap-5.2.0.tgz",
      "integrity": "sha1-g4cn+2DxYw2zcP5Xxjy88pYrs9M=",
      "funding": [
        {
          "type": "github",
          "url": "https://github.com/sponsors/twbs"
        },
        {
          "type": "opencollective",
          "url": "https://opencollective.com/bootstrap"
        }
      ],
      "license": "MIT",
      "peerDependencies": {
        "@popperjs/core": "^2.11.5"
      }
    },
    "node_modules/call-bind": {
      "version": "1.0.2",
      "resolved": "https://repo.tick42.com:443/api/npm/tick42-npm/call-bind/-/call-bind-1.0.2.tgz",
      "integrity": "sha1-sdTonmiBGcPJqQOtMKuy9qkZvjw=",
      "license": "MIT",
      "dependencies": {
        "function-bind": "^1.1.1",
        "get-intrinsic": "^1.0.2"
      },
      "funding": {
        "url": "https://github.com/sponsors/ljharb"
      }
    },
    "node_modules/callback-registry": {
      "version": "2.7.2",
      "resolved": "https://repo.tick42.com:443/api/npm/tick42-npm/callback-registry/-/callback-registry-2.7.2.tgz",
      "integrity": "sha1-R+gKK4iXuNRC0EyNOCF4cEHWYho=",
      "license": "ISC"
    },
    "node_modules/chalk": {
      "version": "4.1.2",
      "resolved": "https://repo.tick42.com:443/api/npm/tick42-npm/chalk/-/chalk-4.1.2.tgz",
      "integrity": "sha1-qsTit3NKdAhnrrFr8CqtVWoeegE=",
      "license": "MIT",
      "dependencies": {
        "ansi-styles": "^4.1.0",
        "supports-color": "^7.1.0"
      },
      "engines": {
        "node": ">=10"
      },
      "funding": {
        "url": "https://github.com/chalk/chalk?sponsor=1"
      }
    },
    "node_modules/color-convert": {
      "version": "2.0.1",
      "resolved": "https://repo.tick42.com:443/api/npm/tick42-npm/color-convert/-/color-convert-2.0.1.tgz",
      "integrity": "sha1-ctOmjVmMm9s68q0ehPIdiWq9TeM=",
      "license": "MIT",
      "dependencies": {
        "color-name": "~1.1.4"
      },
      "engines": {
        "node": ">=7.0.0"
      }
    },
    "node_modules/color-name": {
      "version": "1.1.4",
      "resolved": "https://repo.tick42.com:443/api/npm/tick42-npm/color-name/-/color-name-1.1.4.tgz",
      "integrity": "sha1-wqCah6y95pVD3m9j+jmVyCbFNqI=",
      "license": "MIT"
    },
    "node_modules/corser": {
      "version": "2.0.1",
      "resolved": "https://repo.tick42.com:443/api/npm/tick42-npm/corser/-/corser-2.0.1.tgz",
      "integrity": "sha1-jtolLsqrWEDc2XXOuQ2TcMgZ/4c=",
      "license": "MIT",
      "engines": {
        "node": ">= 0.4.0"
      }
    },
    "node_modules/debug": {
      "version": "3.2.7",
      "resolved": "https://repo.tick42.com:443/api/npm/tick42-npm/debug/-/debug-3.2.7.tgz",
      "integrity": "sha1-clgLfpFF+zm2Z2+cXl+xALk0F5o=",
      "license": "MIT",
      "dependencies": {
        "ms": "^2.1.1"
      }
    },
    "node_modules/decoder-validate": {
      "version": "0.0.2",
      "resolved": "https://repo.tick42.com:443/api/npm/tick42-npm/decoder-validate/-/decoder-validate-0.0.2.tgz",
      "integrity": "sha1-MM7ARvu38NBTejoynsYpXv/CF00=",
      "license": "MIT"
    },
    "node_modules/eventemitter3": {
      "version": "4.0.7",
      "resolved": "https://repo.tick42.com:443/api/npm/tick42-npm/eventemitter3/-/eventemitter3-4.0.7.tgz",
      "integrity": "sha1-Lem2j2Uo1WRO9cWVJqG0oHMGFp8=",
      "license": "MIT"
    },
    "node_modules/fast-deep-equal": {
      "version": "3.1.3",
      "resolved": "https://repo.tick42.com:443/api/npm/tick42-npm/fast-deep-equal/-/fast-deep-equal-3.1.3.tgz",
      "integrity": "sha1-On1WtVnWy8PrUSMlJE5hmmXGxSU=",
      "license": "MIT"
    },
    "node_modules/follow-redirects": {
      "version": "1.15.1",
      "resolved": "https://repo.tick42.com:443/api/npm/tick42-npm/follow-redirects/-/follow-redirects-1.15.1.tgz",
      "integrity": "sha1-DKakUjBsmyduTTEnSD4pV14getU=",
      "funding": [
        {
          "type": "individual",
          "url": "https://github.com/sponsors/RubenVerborgh"
        }
      ],
      "license": "MIT",
      "engines": {
        "node": ">=4.0"
      },
      "peerDependenciesMeta": {
        "debug": {
          "optional": true
        }
      }
    },
    "node_modules/function-bind": {
      "version": "1.1.1",
      "resolved": "https://repo.tick42.com:443/api/npm/tick42-npm/function-bind/-/function-bind-1.1.1.tgz",
      "integrity": "sha1-pWiZ0+o8m6uHS7l3O3xe3pL0iV0=",
      "license": "MIT"
    },
    "node_modules/get-intrinsic": {
      "version": "1.1.2",
      "resolved": "https://repo.tick42.com:443/api/npm/tick42-npm/get-intrinsic/-/get-intrinsic-1.1.2.tgz",
      "integrity": "sha1-M2l1Ej4FrQt7pB8VLuSq2+ps9Zg=",
      "license": "MIT",
      "dependencies": {
        "function-bind": "^1.1.1",
        "has": "^1.0.3",
        "has-symbols": "^1.0.3"
      },
      "funding": {
        "url": "https://github.com/sponsors/ljharb"
      }
    },
    "node_modules/has": {
      "version": "1.0.3",
      "resolved": "https://repo.tick42.com:443/api/npm/tick42-npm/has/-/has-1.0.3.tgz",
      "integrity": "sha1-ci18v8H2qoJB8W3YFOAR4fQeh5Y=",
      "license": "MIT",
      "dependencies": {
        "function-bind": "^1.1.1"
      },
      "engines": {
        "node": ">= 0.4.0"
      }
    },
    "node_modules/has-flag": {
      "version": "4.0.0",
      "resolved": "https://repo.tick42.com:443/api/npm/tick42-npm/has-flag/-/has-flag-4.0.0.tgz",
      "integrity": "sha1-lEdx/ZyByBJlxNaUGGDaBrtZR5s=",
      "license": "MIT",
      "engines": {
        "node": ">=8"
      }
    },
    "node_modules/has-symbols": {
      "version": "1.0.3",
      "resolved": "https://repo.tick42.com:443/api/npm/tick42-npm/has-symbols/-/has-symbols-1.0.3.tgz",
      "integrity": "sha1-u3ssQ0klHc6HsSX3vfh0qnyLOfg=",
      "license": "MIT",
      "engines": {
        "node": ">= 0.4"
      },
      "funding": {
        "url": "https://github.com/sponsors/ljharb"
      }
    },
    "node_modules/he": {
      "version": "1.2.0",
      "resolved": "https://repo.tick42.com:443/api/npm/tick42-npm/he/-/he-1.2.0.tgz",
      "integrity": "sha1-hK5l+n6vsWX922FWauFLrwVmTw8=",
      "license": "MIT",
      "bin": {
        "he": "bin/he"
      }
    },
    "node_modules/html-encoding-sniffer": {
      "version": "3.0.0",
      "resolved": "https://repo.tick42.com:443/api/npm/tick42-npm/html-encoding-sniffer/-/html-encoding-sniffer-3.0.0.tgz",
      "integrity": "sha1-LLGozw21JBR3blsqegTV3ZgVjek=",
      "license": "MIT",
      "dependencies": {
        "whatwg-encoding": "^2.0.0"
      },
      "engines": {
        "node": ">=12"
      }
    },
    "node_modules/http-proxy": {
      "version": "1.18.1",
      "resolved": "https://repo.tick42.com:443/api/npm/tick42-npm/http-proxy/-/http-proxy-1.18.1.tgz",
      "integrity": "sha1-QBVB8FNIhLv5UmAzTnL4juOXZUk=",
      "license": "MIT",
      "dependencies": {
        "eventemitter3": "^4.0.0",
        "follow-redirects": "^1.0.0",
        "requires-port": "^1.0.0"
      },
      "engines": {
        "node": ">=8.0.0"
      }
    },
    "node_modules/http-server": {
      "version": "14.1.1",
      "resolved": "https://repo.tick42.com:443/api/npm/tick42-npm/http-server/-/http-server-14.1.1.tgz",
      "integrity": "sha1-1g+7N9fC/f8PD7/w0O5mcL0oXi4=",
      "license": "MIT",
      "dependencies": {
        "basic-auth": "^2.0.1",
        "chalk": "^4.1.2",
        "corser": "^2.0.1",
        "he": "^1.2.0",
        "html-encoding-sniffer": "^3.0.0",
        "http-proxy": "^1.18.1",
        "mime": "^1.6.0",
        "minimist": "^1.2.6",
        "opener": "^1.5.1",
        "portfinder": "^1.0.28",
        "secure-compare": "3.0.1",
        "union": "~0.5.0",
        "url-join": "^4.0.1"
      },
      "bin": {
        "http-server": "bin/http-server"
      },
      "engines": {
        "node": ">=12"
      }
    },
    "node_modules/iconv-lite": {
      "version": "0.6.3",
      "resolved": "https://repo.tick42.com:443/api/npm/tick42-npm/iconv-lite/-/iconv-lite-0.6.3.tgz",
      "integrity": "sha1-pS+AvzjaGVLrXGgXkHGYcaGnJQE=",
      "license": "MIT",
      "dependencies": {
        "safer-buffer": ">= 2.1.2 < 3.0.0"
      },
      "engines": {
        "node": ">=0.10.0"
      }
    },
    "node_modules/json-schema-traverse": {
      "version": "1.0.0",
      "resolved": "https://repo.tick42.com:443/api/npm/tick42-npm/json-schema-traverse/-/json-schema-traverse-1.0.0.tgz",
      "integrity": "sha1-rnvLNlard6c7pcSb9lTzjmtoYOI=",
      "license": "MIT"
    },
    "node_modules/lodash": {
      "version": "4.17.21",
      "resolved": "https://repo.tick42.com:443/api/npm/tick42-npm/lodash/-/lodash-4.17.21.tgz",
      "integrity": "sha1-Z5WRxWTDv/quhFTPCz3zcMPWkRw=",
      "license": "MIT"
    },
    "node_modules/mime": {
      "version": "1.6.0",
      "resolved": "https://repo.tick42.com:443/api/npm/tick42-npm/mime/-/mime-1.6.0.tgz",
      "integrity": "sha1-Ms2eXGRVO9WNGaVor0Uqz/BJgbE=",
      "license": "MIT",
      "bin": {
        "mime": "cli.js"
      },
      "engines": {
        "node": ">=4"
      }
    },
    "node_modules/minimist": {
      "version": "1.2.6",
      "resolved": "https://repo.tick42.com:443/api/npm/tick42-npm/minimist/-/minimist-1.2.6.tgz",
      "integrity": "sha1-hjelt1nqDW6YcCz7OpKDMjyTr0Q=",
      "license": "MIT"
    },
    "node_modules/mkdirp": {
      "version": "0.5.6",
      "resolved": "https://repo.tick42.com:443/api/npm/tick42-npm/mkdirp/-/mkdirp-0.5.6.tgz",
      "integrity": "sha1-fe8D0kMtyuS6HWEURcSDlgYiVfY=",
      "license": "MIT",
      "dependencies": {
        "minimist": "^1.2.6"
      },
      "bin": {
        "mkdirp": "bin/cmd.js"
      }
    },
    "node_modules/ms": {
      "version": "2.1.3",
      "resolved": "https://repo.tick42.com:443/api/npm/tick42-npm/ms/-/ms-2.1.3.tgz",
      "integrity": "sha1-V0yBOM4dK1hh8LRFedut1gxmFbI=",
      "license": "MIT"
    },
    "node_modules/nanoid": {
      "version": "3.3.4",
      "resolved": "https://repo.tick42.com:443/api/npm/tick42-npm/nanoid/-/nanoid-3.3.4.tgz",
      "integrity": "sha1-cwtn480J4t6s8DwCfIHJ2dvF6Ks=",
      "license": "MIT",
      "bin": {
        "nanoid": "bin/nanoid.cjs"
      },
      "engines": {
        "node": "^10 || ^12 || ^13.7 || ^14 || >=15.0.1"
      }
    },
    "node_modules/object-inspect": {
      "version": "1.12.2",
      "resolved": "https://repo.tick42.com:443/api/npm/tick42-npm/object-inspect/-/object-inspect-1.12.2.tgz",
      "integrity": "sha1-wGQfJjlFMvKKuNeWq5VOQ8AJqOo=",
      "license": "MIT",
      "funding": {
        "url": "https://github.com/sponsors/ljharb"
      }
    },
    "node_modules/opener": {
      "version": "1.5.2",
      "resolved": "https://repo.tick42.com:443/api/npm/tick42-npm/opener/-/opener-1.5.2.tgz",
      "integrity": "sha1-XTfh81B3udysQwE3InGv3rKhNZg=",
      "license": "(WTFPL OR MIT)",
      "bin": {
        "opener": "bin/opener-bin.js"
      }
    },
    "node_modules/portfinder": {
      "version": "1.0.29",
      "resolved": "https://repo.tick42.com:443/api/npm/tick42-npm/portfinder/-/portfinder-1.0.29.tgz",
      "integrity": "sha1-0G/4hvT/kSdO0+JcfmsMaNKgc1o=",
      "license": "MIT",
      "dependencies": {
        "async": "^2.6.4",
        "debug": "^3.2.7",
        "mkdirp": "^0.5.6"
      },
      "engines": {
        "node": ">= 0.12.0"
      }
    },
    "node_modules/punycode": {
      "version": "2.1.1",
      "resolved": "https://repo.tick42.com:443/api/npm/tick42-npm/punycode/-/punycode-2.1.1.tgz",
      "integrity": "sha1-tYsBCsQMIsVldhbI0sLALHv0eew=",
      "license": "MIT",
      "engines": {
        "node": ">=6"
      }
    },
    "node_modules/qs": {
      "version": "6.11.0",
      "resolved": "https://repo.tick42.com:443/api/npm/tick42-npm/qs/-/qs-6.11.0.tgz",
      "integrity": "sha1-/Q2WNEb3pl4TZ+AavYVClFPww3o=",
      "license": "BSD-3-Clause",
      "dependencies": {
        "side-channel": "^1.0.4"
      },
      "engines": {
        "node": ">=0.6"
      },
      "funding": {
        "url": "https://github.com/sponsors/ljharb"
      }
    },
    "node_modules/require-from-string": {
      "version": "2.0.2",
      "resolved": "https://repo.tick42.com:443/api/npm/tick42-npm/require-from-string/-/require-from-string-2.0.2.tgz",
      "integrity": "sha1-iaf92TgmEmcxjq/hT5wy5ZjDaQk=",
      "license": "MIT",
      "engines": {
        "node": ">=0.10.0"
      }
    },
    "node_modules/requires-port": {
      "version": "1.0.0",
      "resolved": "https://repo.tick42.com:443/api/npm/tick42-npm/requires-port/-/requires-port-1.0.0.tgz",
      "integrity": "sha1-kl0mAdOaxIXgkc8NpcbmlNw9yv8=",
      "license": "MIT"
    },
    "node_modules/safe-buffer": {
      "version": "5.1.2",
      "resolved": "https://repo.tick42.com:443/api/npm/tick42-npm/safe-buffer/-/safe-buffer-5.1.2.tgz",
      "integrity": "sha1-mR7GnSluAxN0fVm9/St0XDX4go0=",
      "license": "MIT"
    },
    "node_modules/safer-buffer": {
      "version": "2.1.2",
      "resolved": "https://repo.tick42.com:443/api/npm/tick42-npm/safer-buffer/-/safer-buffer-2.1.2.tgz",
      "integrity": "sha1-RPoWGwGHuVSd2Eu5GAL5vYOFzWo=",
      "license": "MIT"
    },
    "node_modules/secure-compare": {
      "version": "3.0.1",
      "resolved": "https://repo.tick42.com:443/api/npm/tick42-npm/secure-compare/-/secure-compare-3.0.1.tgz",
      "integrity": "sha1-8aAymzCLIh+uN7mXTz1XjQypmeM=",
      "license": "MIT"
    },
    "node_modules/shortid": {
      "version": "2.2.8",
      "resolved": "https://repo.tick42.com:443/api/npm/tick42-npm/shortid/-/shortid-2.2.8.tgz",
      "integrity": "sha1-AzsRfWoul1gE9vCWnb59PQs1UTE=",
      "license": "MIT"
    },
    "node_modules/side-channel": {
      "version": "1.0.4",
      "resolved": "https://repo.tick42.com:443/api/npm/tick42-npm/side-channel/-/side-channel-1.0.4.tgz",
      "integrity": "sha1-785cj9wQTudRslxY1CkAEfpeos8=",
      "license": "MIT",
      "dependencies": {
        "call-bind": "^1.0.0",
        "get-intrinsic": "^1.0.2",
        "object-inspect": "^1.9.0"
      },
      "funding": {
        "url": "https://github.com/sponsors/ljharb"
      }
    },
    "node_modules/supports-color": {
      "version": "7.2.0",
      "resolved": "https://repo.tick42.com:443/api/npm/tick42-npm/supports-color/-/supports-color-7.2.0.tgz",
      "integrity": "sha1-G33NyzK4E4gBs+R4umpRyqiWSNo=",
      "license": "MIT",
      "dependencies": {
        "has-flag": "^4.0.0"
      },
      "engines": {
        "node": ">=8"
      }
    },
    "node_modules/union": {
      "version": "0.5.0",
      "resolved": "https://repo.tick42.com:443/api/npm/tick42-npm/union/-/union-0.5.0.tgz",
      "integrity": "sha1-ssEb6E9gU4U3uEbtuboma6AJAHU=",
      "dependencies": {
        "qs": "^6.4.0"
      },
      "engines": {
        "node": ">= 0.8.0"
      }
    },
    "node_modules/uri-js": {
      "version": "4.4.1",
      "resolved": "https://repo.tick42.com:443/api/npm/tick42-npm/uri-js/-/uri-js-4.4.1.tgz",
      "integrity": "sha1-mxpSWVIlhZ5V9mnZKPiMbFfyp34=",
      "license": "BSD-2-Clause",
      "dependencies": {
        "punycode": "^2.1.0"
      }
    },
    "node_modules/url-join": {
      "version": "4.0.1",
      "resolved": "https://repo.tick42.com:443/api/npm/tick42-npm/url-join/-/url-join-4.0.1.tgz",
      "integrity": "sha1-tkLiGiZGgI/6F4xMX9o5hE4Szec=",
      "license": "MIT"
    },
    "node_modules/whatwg-encoding": {
      "version": "2.0.0",
      "resolved": "https://repo.tick42.com:443/api/npm/tick42-npm/whatwg-encoding/-/whatwg-encoding-2.0.0.tgz",
      "integrity": "sha1-52NfWX/YcCCFhiaAWicp+naYrFM=",
      "license": "MIT",
      "dependencies": {
        "iconv-lite": "0.6.3"
      },
      "engines": {
        "node": ">=12"
      }
    },
    "node_modules/ws": {
      "version": "7.4.6",
      "resolved": "https://repo.tick42.com:443/api/npm/tick42-npm/ws/-/ws-7.4.6.tgz",
      "integrity": "sha1-VlTKjs3u5HwzqaS/bSjivimAN3w=",
      "license": "MIT",
      "engines": {
        "node": ">=8.3.0"
      },
      "peerDependencies": {
        "bufferutil": "^4.0.1",
        "utf-8-validate": "^5.0.2"
      },
      "peerDependenciesMeta": {
        "bufferutil": {
          "optional": true
        },
        "utf-8-validate": {
          "optional": true
        }
      }
    }
  },
  "dependencies": {
    "@glue42/core": {
      "version": "5.7.6",
      "resolved": "https://repo.tick42.com:443/api/npm/tick42-npm/@glue42/core/-/core-5.7.6.tgz",
      "integrity": "sha1-SDb2BI0n1F6FLT1APxKKwnp6a3s=",
      "requires": {
        "callback-registry": "^2.7.1",
        "shortid": "^2.2.6",
        "ws": "7.4.6"
      }
    },
    "@glue42/desktop": {
      "version": "5.14.5",
      "resolved": "https://repo.tick42.com:443/api/npm/tick42-npm/@glue42/desktop/-/desktop-5.14.5.tgz",
      "integrity": "sha1-JLzUL1YnYCLZc6i4AlXIMXlmkhw=",
      "requires": {
        "@glue42/core": "^5.7.4",
        "@glue42/workspaces-api": "*",
        "callback-registry": "^2.7.1",
        "shortid": "2.2.8"
      }
    },
    "@glue42/theme": {
      "version": "4.0.5",
      "resolved": "https://repo.tick42.com:443/api/npm/tick42-npm/@glue42/theme/-/theme-4.0.5.tgz",
      "integrity": "sha1-EEuSrjB/3jagDmLeb4P3cQloUMA=",
      "requires": {
        "ajv": "^7.0.3",
        "bootstrap": "^5.1.3"
      }
    },
    "@glue42/workspaces-api": {
      "version": "1.16.0",
      "resolved": "https://repo.tick42.com:443/api/npm/tick42-npm/@glue42/workspaces-api/-/workspaces-api-1.16.0.tgz",
      "integrity": "sha1-Fb1wEVi6DcR9OBsU8WzniLW4tFg=",
      "requires": {
        "@glue42/core": "^5.7.6",
        "callback-registry": "^2.5.2",
        "decoder-validate": "0.0.2",
        "nanoid": "^3.3.4"
      }
    },
    "@popperjs/core": {
      "version": "2.11.5",
      "resolved": "https://repo.tick42.com:443/api/npm/tick42-npm/@popperjs/core/-/core-2.11.5.tgz",
      "integrity": "sha1-21oRv2a9qzlWlxlVWw924TjXvWQ=",
      "peer": true
    },
    "ajv": {
      "version": "7.2.4",
      "resolved": "https://repo.tick42.com:443/api/npm/tick42-npm/ajv/-/ajv-7.2.4.tgz",
      "integrity": "sha1-jiOdTVbPiEvMyozKNi9QhEbcFg8=",
      "requires": {
        "fast-deep-equal": "^3.1.1",
        "json-schema-traverse": "^1.0.0",
        "require-from-string": "^2.0.2",
        "uri-js": "^4.2.2"
      }
    },
    "ansi-styles": {
      "version": "4.3.0",
      "resolved": "https://repo.tick42.com:443/api/npm/tick42-npm/ansi-styles/-/ansi-styles-4.3.0.tgz",
      "integrity": "sha1-7dgDYornHATIWuegkG7a00tkiTc=",
      "requires": {
        "color-convert": "^2.0.1"
      }
    },
    "async": {
      "version": "2.6.4",
      "resolved": "https://repo.tick42.com:443/api/npm/tick42-npm/async/-/async-2.6.4.tgz",
      "integrity": "sha1-cGt/9ghGZM1+rnE/b5ZUM7VQQiE=",
      "requires": {
        "lodash": "^4.17.14"
      }
    },
    "basic-auth": {
      "version": "2.0.1",
      "resolved": "https://repo.tick42.com:443/api/npm/tick42-npm/basic-auth/-/basic-auth-2.0.1.tgz",
      "integrity": "sha1-uZgnm/R844NEtPPPkW1Gebv1Hjo=",
      "requires": {
        "safe-buffer": "5.1.2"
      }
    },
    "bootstrap": {
      "version": "5.2.0",
      "resolved": "https://repo.tick42.com:443/api/npm/tick42-npm/bootstrap/-/bootstrap-5.2.0.tgz",
      "integrity": "sha1-g4cn+2DxYw2zcP5Xxjy88pYrs9M=",
      "requires": {}
    },
    "call-bind": {
      "version": "1.0.2",
      "resolved": "https://repo.tick42.com:443/api/npm/tick42-npm/call-bind/-/call-bind-1.0.2.tgz",
      "integrity": "sha1-sdTonmiBGcPJqQOtMKuy9qkZvjw=",
      "requires": {
        "function-bind": "^1.1.1",
        "get-intrinsic": "^1.0.2"
      }
    },
    "callback-registry": {
      "version": "2.7.2",
      "resolved": "https://repo.tick42.com:443/api/npm/tick42-npm/callback-registry/-/callback-registry-2.7.2.tgz",
      "integrity": "sha1-R+gKK4iXuNRC0EyNOCF4cEHWYho="
    },
    "chalk": {
      "version": "4.1.2",
      "resolved": "https://repo.tick42.com:443/api/npm/tick42-npm/chalk/-/chalk-4.1.2.tgz",
      "integrity": "sha1-qsTit3NKdAhnrrFr8CqtVWoeegE=",
      "requires": {
        "ansi-styles": "^4.1.0",
        "supports-color": "^7.1.0"
      }
    },
    "color-convert": {
      "version": "2.0.1",
      "resolved": "https://repo.tick42.com:443/api/npm/tick42-npm/color-convert/-/color-convert-2.0.1.tgz",
      "integrity": "sha1-ctOmjVmMm9s68q0ehPIdiWq9TeM=",
      "requires": {
        "color-name": "~1.1.4"
      }
    },
    "color-name": {
      "version": "1.1.4",
      "resolved": "https://repo.tick42.com:443/api/npm/tick42-npm/color-name/-/color-name-1.1.4.tgz",
      "integrity": "sha1-wqCah6y95pVD3m9j+jmVyCbFNqI="
    },
    "corser": {
      "version": "2.0.1",
      "resolved": "https://repo.tick42.com:443/api/npm/tick42-npm/corser/-/corser-2.0.1.tgz",
      "integrity": "sha1-jtolLsqrWEDc2XXOuQ2TcMgZ/4c="
    },
    "debug": {
      "version": "3.2.7",
      "resolved": "https://repo.tick42.com:443/api/npm/tick42-npm/debug/-/debug-3.2.7.tgz",
      "integrity": "sha1-clgLfpFF+zm2Z2+cXl+xALk0F5o=",
      "requires": {
        "ms": "^2.1.1"
      }
    },
    "decoder-validate": {
      "version": "0.0.2",
      "resolved": "https://repo.tick42.com:443/api/npm/tick42-npm/decoder-validate/-/decoder-validate-0.0.2.tgz",
      "integrity": "sha1-MM7ARvu38NBTejoynsYpXv/CF00="
    },
    "eventemitter3": {
      "version": "4.0.7",
      "resolved": "https://repo.tick42.com:443/api/npm/tick42-npm/eventemitter3/-/eventemitter3-4.0.7.tgz",
      "integrity": "sha1-Lem2j2Uo1WRO9cWVJqG0oHMGFp8="
    },
    "fast-deep-equal": {
      "version": "3.1.3",
      "resolved": "https://repo.tick42.com:443/api/npm/tick42-npm/fast-deep-equal/-/fast-deep-equal-3.1.3.tgz",
      "integrity": "sha1-On1WtVnWy8PrUSMlJE5hmmXGxSU="
    },
    "follow-redirects": {
      "version": "1.15.1",
      "resolved": "https://repo.tick42.com:443/api/npm/tick42-npm/follow-redirects/-/follow-redirects-1.15.1.tgz",
      "integrity": "sha1-DKakUjBsmyduTTEnSD4pV14getU="
    },
    "function-bind": {
      "version": "1.1.1",
      "resolved": "https://repo.tick42.com:443/api/npm/tick42-npm/function-bind/-/function-bind-1.1.1.tgz",
      "integrity": "sha1-pWiZ0+o8m6uHS7l3O3xe3pL0iV0="
    },
    "get-intrinsic": {
      "version": "1.1.2",
      "resolved": "https://repo.tick42.com:443/api/npm/tick42-npm/get-intrinsic/-/get-intrinsic-1.1.2.tgz",
      "integrity": "sha1-M2l1Ej4FrQt7pB8VLuSq2+ps9Zg=",
      "requires": {
        "function-bind": "^1.1.1",
        "has": "^1.0.3",
        "has-symbols": "^1.0.3"
      }
    },
    "has": {
      "version": "1.0.3",
      "resolved": "https://repo.tick42.com:443/api/npm/tick42-npm/has/-/has-1.0.3.tgz",
      "integrity": "sha1-ci18v8H2qoJB8W3YFOAR4fQeh5Y=",
      "requires": {
        "function-bind": "^1.1.1"
      }
    },
    "has-flag": {
      "version": "4.0.0",
      "resolved": "https://repo.tick42.com:443/api/npm/tick42-npm/has-flag/-/has-flag-4.0.0.tgz",
      "integrity": "sha1-lEdx/ZyByBJlxNaUGGDaBrtZR5s="
    },
    "has-symbols": {
      "version": "1.0.3",
      "resolved": "https://repo.tick42.com:443/api/npm/tick42-npm/has-symbols/-/has-symbols-1.0.3.tgz",
      "integrity": "sha1-u3ssQ0klHc6HsSX3vfh0qnyLOfg="
    },
    "he": {
      "version": "1.2.0",
      "resolved": "https://repo.tick42.com:443/api/npm/tick42-npm/he/-/he-1.2.0.tgz",
      "integrity": "sha1-hK5l+n6vsWX922FWauFLrwVmTw8="
    },
    "html-encoding-sniffer": {
      "version": "3.0.0",
      "resolved": "https://repo.tick42.com:443/api/npm/tick42-npm/html-encoding-sniffer/-/html-encoding-sniffer-3.0.0.tgz",
      "integrity": "sha1-LLGozw21JBR3blsqegTV3ZgVjek=",
      "requires": {
        "whatwg-encoding": "^2.0.0"
      }
    },
    "http-proxy": {
      "version": "1.18.1",
      "resolved": "https://repo.tick42.com:443/api/npm/tick42-npm/http-proxy/-/http-proxy-1.18.1.tgz",
      "integrity": "sha1-QBVB8FNIhLv5UmAzTnL4juOXZUk=",
      "requires": {
        "eventemitter3": "^4.0.0",
        "follow-redirects": "^1.0.0",
        "requires-port": "^1.0.0"
      }
    },
    "http-server": {
      "version": "14.1.1",
      "resolved": "https://repo.tick42.com:443/api/npm/tick42-npm/http-server/-/http-server-14.1.1.tgz",
      "integrity": "sha1-1g+7N9fC/f8PD7/w0O5mcL0oXi4=",
      "requires": {
        "basic-auth": "^2.0.1",
        "chalk": "^4.1.2",
        "corser": "^2.0.1",
        "he": "^1.2.0",
        "html-encoding-sniffer": "^3.0.0",
        "http-proxy": "^1.18.1",
        "mime": "^1.6.0",
        "minimist": "^1.2.6",
        "opener": "^1.5.1",
        "portfinder": "^1.0.28",
        "secure-compare": "3.0.1",
        "union": "~0.5.0",
        "url-join": "^4.0.1"
      }
    },
    "iconv-lite": {
      "version": "0.6.3",
      "resolved": "https://repo.tick42.com:443/api/npm/tick42-npm/iconv-lite/-/iconv-lite-0.6.3.tgz",
      "integrity": "sha1-pS+AvzjaGVLrXGgXkHGYcaGnJQE=",
      "requires": {
        "safer-buffer": ">= 2.1.2 < 3.0.0"
      }
    },
    "json-schema-traverse": {
      "version": "1.0.0",
      "resolved": "https://repo.tick42.com:443/api/npm/tick42-npm/json-schema-traverse/-/json-schema-traverse-1.0.0.tgz",
      "integrity": "sha1-rnvLNlard6c7pcSb9lTzjmtoYOI="
    },
    "lodash": {
      "version": "4.17.21",
      "resolved": "https://repo.tick42.com:443/api/npm/tick42-npm/lodash/-/lodash-4.17.21.tgz",
      "integrity": "sha1-Z5WRxWTDv/quhFTPCz3zcMPWkRw="
    },
    "mime": {
      "version": "1.6.0",
      "resolved": "https://repo.tick42.com:443/api/npm/tick42-npm/mime/-/mime-1.6.0.tgz",
      "integrity": "sha1-Ms2eXGRVO9WNGaVor0Uqz/BJgbE="
    },
    "minimist": {
      "version": "1.2.6",
      "resolved": "https://repo.tick42.com:443/api/npm/tick42-npm/minimist/-/minimist-1.2.6.tgz",
      "integrity": "sha1-hjelt1nqDW6YcCz7OpKDMjyTr0Q="
    },
    "mkdirp": {
      "version": "0.5.6",
      "resolved": "https://repo.tick42.com:443/api/npm/tick42-npm/mkdirp/-/mkdirp-0.5.6.tgz",
      "integrity": "sha1-fe8D0kMtyuS6HWEURcSDlgYiVfY=",
      "requires": {
        "minimist": "^1.2.6"
      }
    },
    "ms": {
      "version": "2.1.3",
      "resolved": "https://repo.tick42.com:443/api/npm/tick42-npm/ms/-/ms-2.1.3.tgz",
      "integrity": "sha1-V0yBOM4dK1hh8LRFedut1gxmFbI="
    },
    "nanoid": {
      "version": "3.3.4",
      "resolved": "https://repo.tick42.com:443/api/npm/tick42-npm/nanoid/-/nanoid-3.3.4.tgz",
      "integrity": "sha1-cwtn480J4t6s8DwCfIHJ2dvF6Ks="
    },
    "object-inspect": {
      "version": "1.12.2",
      "resolved": "https://repo.tick42.com:443/api/npm/tick42-npm/object-inspect/-/object-inspect-1.12.2.tgz",
      "integrity": "sha1-wGQfJjlFMvKKuNeWq5VOQ8AJqOo="
    },
    "opener": {
      "version": "1.5.2",
      "resolved": "https://repo.tick42.com:443/api/npm/tick42-npm/opener/-/opener-1.5.2.tgz",
      "integrity": "sha1-XTfh81B3udysQwE3InGv3rKhNZg="
    },
    "portfinder": {
      "version": "1.0.29",
      "resolved": "https://repo.tick42.com:443/api/npm/tick42-npm/portfinder/-/portfinder-1.0.29.tgz",
      "integrity": "sha1-0G/4hvT/kSdO0+JcfmsMaNKgc1o=",
      "requires": {
        "async": "^2.6.4",
        "debug": "^3.2.7",
        "mkdirp": "^0.5.6"
      }
    },
    "punycode": {
      "version": "2.1.1",
      "resolved": "https://repo.tick42.com:443/api/npm/tick42-npm/punycode/-/punycode-2.1.1.tgz",
      "integrity": "sha1-tYsBCsQMIsVldhbI0sLALHv0eew="
    },
    "qs": {
      "version": "6.11.0",
      "resolved": "https://repo.tick42.com:443/api/npm/tick42-npm/qs/-/qs-6.11.0.tgz",
      "integrity": "sha1-/Q2WNEb3pl4TZ+AavYVClFPww3o=",
      "requires": {
        "side-channel": "^1.0.4"
      }
    },
    "require-from-string": {
      "version": "2.0.2",
      "resolved": "https://repo.tick42.com:443/api/npm/tick42-npm/require-from-string/-/require-from-string-2.0.2.tgz",
      "integrity": "sha1-iaf92TgmEmcxjq/hT5wy5ZjDaQk="
    },
    "requires-port": {
      "version": "1.0.0",
      "resolved": "https://repo.tick42.com:443/api/npm/tick42-npm/requires-port/-/requires-port-1.0.0.tgz",
      "integrity": "sha1-kl0mAdOaxIXgkc8NpcbmlNw9yv8="
    },
    "safe-buffer": {
      "version": "5.1.2",
      "resolved": "https://repo.tick42.com:443/api/npm/tick42-npm/safe-buffer/-/safe-buffer-5.1.2.tgz",
      "integrity": "sha1-mR7GnSluAxN0fVm9/St0XDX4go0="
    },
    "safer-buffer": {
      "version": "2.1.2",
      "resolved": "https://repo.tick42.com:443/api/npm/tick42-npm/safer-buffer/-/safer-buffer-2.1.2.tgz",
      "integrity": "sha1-RPoWGwGHuVSd2Eu5GAL5vYOFzWo="
    },
    "secure-compare": {
      "version": "3.0.1",
      "resolved": "https://repo.tick42.com:443/api/npm/tick42-npm/secure-compare/-/secure-compare-3.0.1.tgz",
      "integrity": "sha1-8aAymzCLIh+uN7mXTz1XjQypmeM="
    },
    "shortid": {
      "version": "2.2.8",
      "resolved": "https://repo.tick42.com:443/api/npm/tick42-npm/shortid/-/shortid-2.2.8.tgz",
      "integrity": "sha1-AzsRfWoul1gE9vCWnb59PQs1UTE="
    },
    "side-channel": {
      "version": "1.0.4",
      "resolved": "https://repo.tick42.com:443/api/npm/tick42-npm/side-channel/-/side-channel-1.0.4.tgz",
      "integrity": "sha1-785cj9wQTudRslxY1CkAEfpeos8=",
      "requires": {
        "call-bind": "^1.0.0",
        "get-intrinsic": "^1.0.2",
        "object-inspect": "^1.9.0"
      }
    },
    "supports-color": {
      "version": "7.2.0",
      "resolved": "https://repo.tick42.com:443/api/npm/tick42-npm/supports-color/-/supports-color-7.2.0.tgz",
      "integrity": "sha1-G33NyzK4E4gBs+R4umpRyqiWSNo=",
      "requires": {
        "has-flag": "^4.0.0"
      }
    },
    "union": {
      "version": "0.5.0",
      "resolved": "https://repo.tick42.com:443/api/npm/tick42-npm/union/-/union-0.5.0.tgz",
      "integrity": "sha1-ssEb6E9gU4U3uEbtuboma6AJAHU=",
      "requires": {
        "qs": "^6.4.0"
      }
    },
    "uri-js": {
      "version": "4.4.1",
      "resolved": "https://repo.tick42.com:443/api/npm/tick42-npm/uri-js/-/uri-js-4.4.1.tgz",
      "integrity": "sha1-mxpSWVIlhZ5V9mnZKPiMbFfyp34=",
      "requires": {
        "punycode": "^2.1.0"
      }
    },
    "url-join": {
      "version": "4.0.1",
      "resolved": "https://repo.tick42.com:443/api/npm/tick42-npm/url-join/-/url-join-4.0.1.tgz",
      "integrity": "sha1-tkLiGiZGgI/6F4xMX9o5hE4Szec="
    },
    "whatwg-encoding": {
      "version": "2.0.0",
      "resolved": "https://repo.tick42.com:443/api/npm/tick42-npm/whatwg-encoding/-/whatwg-encoding-2.0.0.tgz",
      "integrity": "sha1-52NfWX/YcCCFhiaAWicp+naYrFM=",
      "requires": {
        "iconv-lite": "0.6.3"
      }
    },
    "ws": {
      "version": "7.4.6",
      "resolved": "https://repo.tick42.com:443/api/npm/tick42-npm/ws/-/ws-7.4.6.tgz",
      "integrity": "sha1-VlTKjs3u5HwzqaS/bSjivimAN3w=",
      "requires": {}
    }
  }
}
